
Microsoft Visual Studio Solution File, Format Version 12.00
# Visual Studio Version 17
VisualStudioVersion = 17.0.31903.59
MinimumVisualStudioVersion = 10.0.40219.1
Project("{FAE04EC0-301F-11D3-BF4B-00C04F79EFBC}") = "MorseCod", "MorseCod\MorseCod.csproj", "{760FF56B-281F-4F1B-92B6-E16BC23D1FAD}"
EndProject
Project("{FAE04EC0-301F-11D3-BF4B-00C04F79EFBC}") = "MorseCod.Tests", "MorseCod.Tests\MorseCod.Tests.csproj", "{2ADD78CF-40FD-4048-BCBA-FC90DAADBA84}"
EndProject
Global
	GlobalSection(SolutionConfigurationPlatforms) = preSolution
		Debug|Any CPU = Debug|Any CPU
		Release|Any CPU = Release|Any CPU
	EndGlobalSection
	GlobalSection(SolutionProperties) = preSolution
		HideSolutionNode = FALSE
	EndGlobalSection
	GlobalSection(ProjectConfigurationPlatforms) = postSolution
		{760FF56B-281F-4F1B-92B6-E16BC23D1FAD}.Debug|Any CPU.ActiveCfg = Debug|Any CPU
		{760FF56B-281F-4F1B-92B6-E16BC23D1FAD}.Debug|Any CPU.Build.0 = Debug|Any CPU
		{760FF56B-281F-4F1B-92B6-E16BC23D1FAD}.Release|Any CPU.ActiveCfg = Release|Any CPU
		{760FF56B-281F-4F1B-92B6-E16BC23D1FAD}.Release|Any CPU.Build.0 = Release|Any CPU
		{2ADD78CF-40FD-4048-BCBA-FC90DAADBA84}.Debug|Any CPU.ActiveCfg = Debug|Any CPU
		{2ADD78CF-40FD-4048-BCBA-FC90DAADBA84}.Debug|Any CPU.Build.0 = Debug|Any CPU
		{2ADD78CF-40FD-4048-BCBA-FC90DAADBA84}.Release|Any CPU.ActiveCfg = Release|Any CPU
		{2ADD78CF-40FD-4048-BCBA-FC90DAADBA84}.Release|Any CPU.Build.0 = Release|Any CPU
	EndGlobalSection
EndGlobal
