
Microsoft Visual Studio Solution File, Format Version 12.00
# Visual Studio Version 17
VisualStudioVersion = 17.0.31903.59
MinimumVisualStudioVersion = 10.0.40219.1
Project("{FAE04EC0-301F-11D3-BF4B-00C04F79EFBC}") = "CalculatorProj", "CalculatorProj\CalculatorProj.csproj", "{CC92BE1C-B26F-4D77-96FB-B2D63341EB50}"
EndProject
Project("{FAE04EC0-301F-11D3-BF4B-00C04F79EFBC}") = "CalculatorProj.Tests", "CalculatorProj.Tests\CalculatorProj.Tests.csproj", "{056D864B-1F62-483A-B727-A475C4CEBF1C}"
EndProject
Global
	GlobalSection(SolutionConfigurationPlatforms) = preSolution
		Debug|Any CPU = Debug|Any CPU
		Release|Any CPU = Release|Any CPU
	EndGlobalSection
	GlobalSection(SolutionProperties) = preSolution
		HideSolutionNode = FALSE
	EndGlobalSection
	GlobalSection(ProjectConfigurationPlatforms) = postSolution
		{CC92BE1C-B26F-4D77-96FB-B2D63341EB50}.Debug|Any CPU.ActiveCfg = Debug|Any CPU
		{CC92BE1C-B26F-4D77-96FB-B2D63341EB50}.Debug|Any CPU.Build.0 = Debug|Any CPU
		{CC92BE1C-B26F-4D77-96FB-B2D63341EB50}.Release|Any CPU.ActiveCfg = Release|Any CPU
		{CC92BE1C-B26F-4D77-96FB-B2D63341EB50}.Release|Any CPU.Build.0 = Release|Any CPU
		{056D864B-1F62-483A-B727-A475C4CEBF1C}.Debug|Any CPU.ActiveCfg = Debug|Any CPU
		{056D864B-1F62-483A-B727-A475C4CEBF1C}.Debug|Any CPU.Build.0 = Debug|Any CPU
		{056D864B-1F62-483A-B727-A475C4CEBF1C}.Release|Any CPU.ActiveCfg = Release|Any CPU
		{056D864B-1F62-483A-B727-A475C4CEBF1C}.Release|Any CPU.Build.0 = Release|Any CPU
	EndGlobalSection
EndGlobal
